{
  "name": "pizzaria-fantastica",
  "version": "1.0.0",
  "lockfileVersion": 1,
  "requires": true,
  "dependencies": {
    "validador-de-cpf": {
      "version": "1.0.2",
      "resolved": "https://registry.npmjs.org/validador-de-cpf/-/validador-de-cpf-1.0.2.tgz",
      "integrity": "sha512-m9tpiOfeDpiODLu9296AvaRouBQ5RalS1hyzvdiRg7pXw7jujWFqxbiL5WnTB8oBItfW1640q0JbfZIxfnn8kQ=="
    }
  }
}
